
Microsoft Visual Studio Solution File, Format Version 12.00
# Visual Studio Version 17
VisualStudioVersion = 17.3.32929.385
MinimumVisualStudioVersion = 10.0.40219.1
Project("{FAE04EC0-301F-11D3-BF4B-00C04F79EFBC}") = "Project", "Project\Project.csproj", "{D6AABD0C-84BF-4332-8E7D-26365C1A04C3}"
EndProject
Global
	GlobalSection(SolutionConfigurationPlatforms) = preSolution
		Debug|Any CPU = Debug|Any CPU
		Release|Any CPU = Release|Any CPU
	EndGlobalSection
	GlobalSection(ProjectConfigurationPlatforms) = postSolution
		{D6AABD0C-84BF-4332-8E7D-26365C1A04C3}.Debug|Any CPU.ActiveCfg = Debug|Any CPU
		{D6AABD0C-84BF-4332-8E7D-26365C1A04C3}.Debug|Any CPU.Build.0 = Debug|Any CPU
		{D6AABD0C-84BF-4332-8E7D-26365C1A04C3}.Release|Any CPU.ActiveCfg = Release|Any CPU
		{D6AABD0C-84BF-4332-8E7D-26365C1A04C3}.Release|Any CPU.Build.0 = Release|Any CPU
	EndGlobalSection
	GlobalSection(SolutionProperties) = preSolution
		HideSolutionNode = FALSE
	EndGlobalSection
	GlobalSection(ExtensibilityGlobals) = postSolution
		SolutionGuid = {DCA70BF9-511A-45BF-95EB-D46CB6468387}
	EndGlobalSection
EndGlobal
